
Microsoft Visual Studio Solution File, Format Version 12.00
# Visual Studio 15
VisualStudioVersion = 15.0.28010.0
MinimumVisualStudioVersion = 10.0.40219.1
Project("{FAE04EC0-301F-11D3-BF4B-00C04F79EFBC}") = "JanaFand", "JanaFand\JanaFand.csproj", "{06F1247A-2AB6-49A6-B678-3B9E119F28CD}"
EndProject
Project("{FAE04EC0-301F-11D3-BF4B-00C04F79EFBC}") = "DataLayer", "DataLayer\DataLayer.csproj", "{B68BF3DD-D20E-4DDB-BF61-CCE54E306415}"
EndProject
Global
	GlobalSection(SolutionConfigurationPlatforms) = preSolution
		Debug|Any CPU = Debug|Any CPU
		Release|Any CPU = Release|Any CPU
	EndGlobalSection
	GlobalSection(ProjectConfigurationPlatforms) = postSolution
		{06F1247A-2AB6-49A6-B678-3B9E119F28CD}.Debug|Any CPU.ActiveCfg = Debug|Any CPU
		{06F1247A-2AB6-49A6-B678-3B9E119F28CD}.Debug|Any CPU.Build.0 = Debug|Any CPU
		{06F1247A-2AB6-49A6-B678-3B9E119F28CD}.Release|Any CPU.ActiveCfg = Release|Any CPU
		{06F1247A-2AB6-49A6-B678-3B9E119F28CD}.Release|Any CPU.Build.0 = Release|Any CPU
		{B68BF3DD-D20E-4DDB-BF61-CCE54E306415}.Debug|Any CPU.ActiveCfg = Debug|Any CPU
		{B68BF3DD-D20E-4DDB-BF61-CCE54E306415}.Debug|Any CPU.Build.0 = Debug|Any CPU
		{B68BF3DD-D20E-4DDB-BF61-CCE54E306415}.Release|Any CPU.ActiveCfg = Release|Any CPU
		{B68BF3DD-D20E-4DDB-BF61-CCE54E306415}.Release|Any CPU.Build.0 = Release|Any CPU
	EndGlobalSection
	GlobalSection(SolutionProperties) = preSolution
		HideSolutionNode = FALSE
	EndGlobalSection
	GlobalSection(ExtensibilityGlobals) = postSolution
		SolutionGuid = {1CB0AE2E-B1FA-4DBD-987C-E27903AC4830}
	EndGlobalSection
EndGlobal
